
Microsoft Visual Studio Solution File, Format Version 9.00
# Visual Studio 2005
Project("{8BC9CEB8-8B4A-11D0-8D11-00A0C91BC942}") = "gvplugin_gdiplus", "plugin\gdiplus\gvplugin_gdiplus.vcproj", "{0F4D5D8F-F4D6-4A5D-97E0-9B482257F493}"
EndProject
Project("{8BC9CEB8-8B4A-11D0-8D11-00A0C91BC942}") = "otk", "lib\otk_lib\otk.vcproj", "{343EB043-1F93-4F40-989D-FA309E4668AF}"
EndProject
Project("{8BC9CEB8-8B4A-11D0-8D11-00A0C91BC942}") = "regex_win32", "lib\regex_win32\regex_win32.vcproj", "{1DE8628B-271E-49B3-A9B7-A53519E1CA65}"
EndProject
Project("{8BC9CEB8-8B4A-11D0-8D11-00A0C91BC942}") = "gvtest", "cmd\tester\gvtest.vcproj", "{C2AA7FA3-9BB5-4319-A01D-37439E0E6830}"
EndProject
Global
	GlobalSection(SolutionConfigurationPlatforms) = preSolution
		Debug|Win32 = Debug|Win32
		Release|Win32 = Release|Win32
	EndGlobalSection
	GlobalSection(ProjectConfigurationPlatforms) = postSolution
		{0F4D5D8F-F4D6-4A5D-97E0-9B482257F493}.Debug|Win32.ActiveCfg = Debug|Win32
		{0F4D5D8F-F4D6-4A5D-97E0-9B482257F493}.Debug|Win32.Build.0 = Debug|Win32
		{0F4D5D8F-F4D6-4A5D-97E0-9B482257F493}.Release|Win32.ActiveCfg = Release|Win32
		{0F4D5D8F-F4D6-4A5D-97E0-9B482257F493}.Release|Win32.Build.0 = Release|Win32
		{343EB043-1F93-4F40-989D-FA309E4668AF}.Debug|Win32.ActiveCfg = Debug|Win32
		{343EB043-1F93-4F40-989D-FA309E4668AF}.Debug|Win32.Build.0 = Debug|Win32
		{343EB043-1F93-4F40-989D-FA309E4668AF}.Release|Win32.ActiveCfg = Release|Win32
		{343EB043-1F93-4F40-989D-FA309E4668AF}.Release|Win32.Build.0 = Release|Win32
		{1DE8628B-271E-49B3-A9B7-A53519E1CA65}.Debug|Win32.ActiveCfg = Debug|Win32
		{1DE8628B-271E-49B3-A9B7-A53519E1CA65}.Debug|Win32.Build.0 = Debug|Win32
		{1DE8628B-271E-49B3-A9B7-A53519E1CA65}.Release|Win32.ActiveCfg = Release|Win32
		{1DE8628B-271E-49B3-A9B7-A53519E1CA65}.Release|Win32.Build.0 = Release|Win32
		{C2AA7FA3-9BB5-4319-A01D-37439E0E6830}.Debug|Win32.ActiveCfg = Debug|Win32
		{C2AA7FA3-9BB5-4319-A01D-37439E0E6830}.Debug|Win32.Build.0 = Debug|Win32
		{C2AA7FA3-9BB5-4319-A01D-37439E0E6830}.Release|Win32.ActiveCfg = Release|Win32
		{C2AA7FA3-9BB5-4319-A01D-37439E0E6830}.Release|Win32.Build.0 = Release|Win32
	EndGlobalSection
	GlobalSection(SolutionProperties) = preSolution
		HideSolutionNode = FALSE
	EndGlobalSection
EndGlobal
