
Microsoft Visual Studio Solution File, Format Version 10.00
# Visual Studio 2008
Project("{8BC9CEB8-8B4A-11D0-8D11-00A0C91BC942}") = "gvplugin_visio", "gvplugin_visio.vcproj", "{F5123FBD-25C3-4D18-AFF7-AB04036A66E8}"
EndProject
Global
	GlobalSection(SolutionConfigurationPlatforms) = preSolution
		Debug|Win32 = Debug|Win32
		Release|Win32 = Release|Win32
	EndGlobalSection
	GlobalSection(ProjectConfigurationPlatforms) = postSolution
		{F5123FBD-25C3-4D18-AFF7-AB04036A66E8}.Debug|Win32.ActiveCfg = Debug|Win32
		{F5123FBD-25C3-4D18-AFF7-AB04036A66E8}.Debug|Win32.Build.0 = Debug|Win32
		{F5123FBD-25C3-4D18-AFF7-AB04036A66E8}.Release|Win32.ActiveCfg = Release|Win32
		{F5123FBD-25C3-4D18-AFF7-AB04036A66E8}.Release|Win32.Build.0 = Release|Win32
	EndGlobalSection
	GlobalSection(SolutionProperties) = preSolution
		HideSolutionNode = FALSE
	EndGlobalSection
EndGlobal
