
Microsoft Visual Studio Solution File, Format Version 12.00
# Visual Studio Express 2012 for Windows Desktop
Project("{8BC9CEB8-8B4A-11D0-8D11-00A0C91BC942}") = "libdot", "libdot\libdot.vcxproj", "{45E367A8-CF75-4E64-AAB4-17DF482BCBDE}"
	ProjectSection(ProjectDependencies) = postProject
		{79D0424D-64F2-4F65-965A-745FEB2B750D} = {79D0424D-64F2-4F65-965A-745FEB2B750D}
		{331C8070-5E41-4214-B7A2-C498EC40A73A} = {331C8070-5E41-4214-B7A2-C498EC40A73A}
		{F36AA384-8881-46A1-8CB7-3BBEB18E8458} = {F36AA384-8881-46A1-8CB7-3BBEB18E8458}
		{8C3CAD90-1288-46F4-AFD4-3238FD470B63} = {8C3CAD90-1288-46F4-AFD4-3238FD470B63}
		{3CF84F98-CEBB-4D72-96D1-9C4E7140EB71} = {3CF84F98-CEBB-4D72-96D1-9C4E7140EB71}
		{A5EA0CA6-7360-43BF-BC7D-9285CCD5B9BF} = {A5EA0CA6-7360-43BF-BC7D-9285CCD5B9BF}
		{ABF9F9BE-E976-4FE1-8ECB-B4074FCB881C} = {ABF9F9BE-E976-4FE1-8ECB-B4074FCB881C}
		{FB976EDE-653F-44D3-AF24-3D16643256AB} = {FB976EDE-653F-44D3-AF24-3D16643256AB}
		{E51E50E2-EFEE-44A8-B83F-29598FF2D726} = {E51E50E2-EFEE-44A8-B83F-29598FF2D726}
		{A2B25CEA-059E-41E7-A3A0-C017AB877A33} = {A2B25CEA-059E-41E7-A3A0-C017AB877A33}
		{74B386EA-B69F-4865-A54B-92C5D8D1433A} = {74B386EA-B69F-4865-A54B-92C5D8D1433A}
	EndProjectSection
EndProject
Project("{8BC9CEB8-8B4A-11D0-8D11-00A0C91BC942}") = "cdt", "cdt\cdt.vcxproj", "{A2B25CEA-059E-41E7-A3A0-C017AB877A33}"
EndProject
Project("{8BC9CEB8-8B4A-11D0-8D11-00A0C91BC942}") = "cgraph", "cgraph\cgraph.vcxproj", "{3CF84F98-CEBB-4D72-96D1-9C4E7140EB71}"
EndProject
Project("{8BC9CEB8-8B4A-11D0-8D11-00A0C91BC942}") = "common", "common\common.vcxproj", "{8C3CAD90-1288-46F4-AFD4-3238FD470B63}"
EndProject
Project("{8BC9CEB8-8B4A-11D0-8D11-00A0C91BC942}") = "dotgen", "dotgen\dotgen.vcxproj", "{A5EA0CA6-7360-43BF-BC7D-9285CCD5B9BF}"
EndProject
Project("{8BC9CEB8-8B4A-11D0-8D11-00A0C91BC942}") = "gvc", "gvc\gvc.vcxproj", "{ABF9F9BE-E976-4FE1-8ECB-B4074FCB881C}"
EndProject
Project("{8BC9CEB8-8B4A-11D0-8D11-00A0C91BC942}") = "gvplugin_core", "gvplugin_core\gvplugin_core.vcxproj", "{F36AA384-8881-46A1-8CB7-3BBEB18E8458}"
EndProject
Project("{8BC9CEB8-8B4A-11D0-8D11-00A0C91BC942}") = "gvplugin_dot_layout", "gvplugin_dot_layout\gvplugin_dot_layout.vcxproj", "{74B386EA-B69F-4865-A54B-92C5D8D1433A}"
EndProject
Project("{8BC9CEB8-8B4A-11D0-8D11-00A0C91BC942}") = "label", "label\label.vcxproj", "{FB976EDE-653F-44D3-AF24-3D16643256AB}"
EndProject
Project("{8BC9CEB8-8B4A-11D0-8D11-00A0C91BC942}") = "pathplan", "pathplan\pathplan.vcxproj", "{331C8070-5E41-4214-B7A2-C498EC40A73A}"
EndProject
Project("{8BC9CEB8-8B4A-11D0-8D11-00A0C91BC942}") = "xdot", "xdot\xdot.vcxproj", "{79D0424D-64F2-4F65-965A-745FEB2B750D}"
EndProject
Project("{8BC9CEB8-8B4A-11D0-8D11-00A0C91BC942}") = "pack", "pack\pack.vcxproj", "{E51E50E2-EFEE-44A8-B83F-29598FF2D726}"
EndProject
Global
	GlobalSection(SolutionConfigurationPlatforms) = preSolution
		Debug|Win32 = Debug|Win32
		Debug|x64 = Debug|x64
		Release|Win32 = Release|Win32
		Release|x64 = Release|x64
	EndGlobalSection
	GlobalSection(ProjectConfigurationPlatforms) = postSolution
		{45E367A8-CF75-4E64-AAB4-17DF482BCBDE}.Debug|Win32.ActiveCfg = Debug|Win32
		{45E367A8-CF75-4E64-AAB4-17DF482BCBDE}.Debug|Win32.Build.0 = Debug|Win32
		{45E367A8-CF75-4E64-AAB4-17DF482BCBDE}.Debug|x64.ActiveCfg = Debug|x64
		{45E367A8-CF75-4E64-AAB4-17DF482BCBDE}.Debug|x64.Build.0 = Debug|x64
		{45E367A8-CF75-4E64-AAB4-17DF482BCBDE}.Release|Win32.ActiveCfg = Release|Win32
		{45E367A8-CF75-4E64-AAB4-17DF482BCBDE}.Release|Win32.Build.0 = Release|Win32
		{45E367A8-CF75-4E64-AAB4-17DF482BCBDE}.Release|x64.ActiveCfg = Release|x64
		{45E367A8-CF75-4E64-AAB4-17DF482BCBDE}.Release|x64.Build.0 = Release|x64
		{A2B25CEA-059E-41E7-A3A0-C017AB877A33}.Debug|Win32.ActiveCfg = Debug|Win32
		{A2B25CEA-059E-41E7-A3A0-C017AB877A33}.Debug|Win32.Build.0 = Debug|Win32
		{A2B25CEA-059E-41E7-A3A0-C017AB877A33}.Debug|x64.ActiveCfg = Debug|x64
		{A2B25CEA-059E-41E7-A3A0-C017AB877A33}.Debug|x64.Build.0 = Debug|x64
		{A2B25CEA-059E-41E7-A3A0-C017AB877A33}.Release|Win32.ActiveCfg = Release|Win32
		{A2B25CEA-059E-41E7-A3A0-C017AB877A33}.Release|Win32.Build.0 = Release|Win32
		{A2B25CEA-059E-41E7-A3A0-C017AB877A33}.Release|x64.ActiveCfg = Release|x64
		{A2B25CEA-059E-41E7-A3A0-C017AB877A33}.Release|x64.Build.0 = Release|x64
		{3CF84F98-CEBB-4D72-96D1-9C4E7140EB71}.Debug|Win32.ActiveCfg = Debug|Win32
		{3CF84F98-CEBB-4D72-96D1-9C4E7140EB71}.Debug|Win32.Build.0 = Debug|Win32
		{3CF84F98-CEBB-4D72-96D1-9C4E7140EB71}.Debug|x64.ActiveCfg = Debug|x64
		{3CF84F98-CEBB-4D72-96D1-9C4E7140EB71}.Debug|x64.Build.0 = Debug|x64
		{3CF84F98-CEBB-4D72-96D1-9C4E7140EB71}.Release|Win32.ActiveCfg = Release|Win32
		{3CF84F98-CEBB-4D72-96D1-9C4E7140EB71}.Release|Win32.Build.0 = Release|Win32
		{3CF84F98-CEBB-4D72-96D1-9C4E7140EB71}.Release|x64.ActiveCfg = Release|x64
		{3CF84F98-CEBB-4D72-96D1-9C4E7140EB71}.Release|x64.Build.0 = Release|x64
		{8C3CAD90-1288-46F4-AFD4-3238FD470B63}.Debug|Win32.ActiveCfg = Debug|Win32
		{8C3CAD90-1288-46F4-AFD4-3238FD470B63}.Debug|Win32.Build.0 = Debug|Win32
		{8C3CAD90-1288-46F4-AFD4-3238FD470B63}.Debug|x64.ActiveCfg = Debug|x64
		{8C3CAD90-1288-46F4-AFD4-3238FD470B63}.Debug|x64.Build.0 = Debug|x64
		{8C3CAD90-1288-46F4-AFD4-3238FD470B63}.Release|Win32.ActiveCfg = Release|Win32
		{8C3CAD90-1288-46F4-AFD4-3238FD470B63}.Release|Win32.Build.0 = Release|Win32
		{8C3CAD90-1288-46F4-AFD4-3238FD470B63}.Release|x64.ActiveCfg = Release|x64
		{8C3CAD90-1288-46F4-AFD4-3238FD470B63}.Release|x64.Build.0 = Release|x64
		{A5EA0CA6-7360-43BF-BC7D-9285CCD5B9BF}.Debug|Win32.ActiveCfg = Debug|Win32
		{A5EA0CA6-7360-43BF-BC7D-9285CCD5B9BF}.Debug|Win32.Build.0 = Debug|Win32
		{A5EA0CA6-7360-43BF-BC7D-9285CCD5B9BF}.Debug|x64.ActiveCfg = Debug|x64
		{A5EA0CA6-7360-43BF-BC7D-9285CCD5B9BF}.Debug|x64.Build.0 = Debug|x64
		{A5EA0CA6-7360-43BF-BC7D-9285CCD5B9BF}.Release|Win32.ActiveCfg = Release|Win32
		{A5EA0CA6-7360-43BF-BC7D-9285CCD5B9BF}.Release|Win32.Build.0 = Release|Win32
		{A5EA0CA6-7360-43BF-BC7D-9285CCD5B9BF}.Release|x64.ActiveCfg = Release|x64
		{A5EA0CA6-7360-43BF-BC7D-9285CCD5B9BF}.Release|x64.Build.0 = Release|x64
		{ABF9F9BE-E976-4FE1-8ECB-B4074FCB881C}.Debug|Win32.ActiveCfg = Debug|Win32
		{ABF9F9BE-E976-4FE1-8ECB-B4074FCB881C}.Debug|Win32.Build.0 = Debug|Win32
		{ABF9F9BE-E976-4FE1-8ECB-B4074FCB881C}.Debug|x64.ActiveCfg = Debug|x64
		{ABF9F9BE-E976-4FE1-8ECB-B4074FCB881C}.Debug|x64.Build.0 = Debug|x64
		{ABF9F9BE-E976-4FE1-8ECB-B4074FCB881C}.Release|Win32.ActiveCfg = Release|Win32
		{ABF9F9BE-E976-4FE1-8ECB-B4074FCB881C}.Release|Win32.Build.0 = Release|Win32
		{ABF9F9BE-E976-4FE1-8ECB-B4074FCB881C}.Release|x64.ActiveCfg = Release|x64
		{ABF9F9BE-E976-4FE1-8ECB-B4074FCB881C}.Release|x64.Build.0 = Release|x64
		{F36AA384-8881-46A1-8CB7-3BBEB18E8458}.Debug|Win32.ActiveCfg = Debug|Win32
		{F36AA384-8881-46A1-8CB7-3BBEB18E8458}.Debug|Win32.Build.0 = Debug|Win32
		{F36AA384-8881-46A1-8CB7-3BBEB18E8458}.Debug|x64.ActiveCfg = Debug|x64
		{F36AA384-8881-46A1-8CB7-3BBEB18E8458}.Debug|x64.Build.0 = Debug|x64
		{F36AA384-8881-46A1-8CB7-3BBEB18E8458}.Release|Win32.ActiveCfg = Release|Win32
		{F36AA384-8881-46A1-8CB7-3BBEB18E8458}.Release|Win32.Build.0 = Release|Win32
		{F36AA384-8881-46A1-8CB7-3BBEB18E8458}.Release|x64.ActiveCfg = Release|x64
		{F36AA384-8881-46A1-8CB7-3BBEB18E8458}.Release|x64.Build.0 = Release|x64
		{74B386EA-B69F-4865-A54B-92C5D8D1433A}.Debug|Win32.ActiveCfg = Debug|Win32
		{74B386EA-B69F-4865-A54B-92C5D8D1433A}.Debug|Win32.Build.0 = Debug|Win32
		{74B386EA-B69F-4865-A54B-92C5D8D1433A}.Debug|x64.ActiveCfg = Debug|x64
		{74B386EA-B69F-4865-A54B-92C5D8D1433A}.Debug|x64.Build.0 = Debug|x64
		{74B386EA-B69F-4865-A54B-92C5D8D1433A}.Release|Win32.ActiveCfg = Release|Win32
		{74B386EA-B69F-4865-A54B-92C5D8D1433A}.Release|Win32.Build.0 = Release|Win32
		{74B386EA-B69F-4865-A54B-92C5D8D1433A}.Release|x64.ActiveCfg = Release|x64
		{74B386EA-B69F-4865-A54B-92C5D8D1433A}.Release|x64.Build.0 = Release|x64
		{FB976EDE-653F-44D3-AF24-3D16643256AB}.Debug|Win32.ActiveCfg = Debug|Win32
		{FB976EDE-653F-44D3-AF24-3D16643256AB}.Debug|Win32.Build.0 = Debug|Win32
		{FB976EDE-653F-44D3-AF24-3D16643256AB}.Debug|x64.ActiveCfg = Debug|x64
		{FB976EDE-653F-44D3-AF24-3D16643256AB}.Debug|x64.Build.0 = Debug|x64
		{FB976EDE-653F-44D3-AF24-3D16643256AB}.Release|Win32.ActiveCfg = Release|Win32
		{FB976EDE-653F-44D3-AF24-3D16643256AB}.Release|Win32.Build.0 = Release|Win32
		{FB976EDE-653F-44D3-AF24-3D16643256AB}.Release|x64.ActiveCfg = Release|x64
		{FB976EDE-653F-44D3-AF24-3D16643256AB}.Release|x64.Build.0 = Release|x64
		{331C8070-5E41-4214-B7A2-C498EC40A73A}.Debug|Win32.ActiveCfg = Debug|Win32
		{331C8070-5E41-4214-B7A2-C498EC40A73A}.Debug|Win32.Build.0 = Debug|Win32
		{331C8070-5E41-4214-B7A2-C498EC40A73A}.Debug|x64.ActiveCfg = Debug|x64
		{331C8070-5E41-4214-B7A2-C498EC40A73A}.Debug|x64.Build.0 = Debug|x64
		{331C8070-5E41-4214-B7A2-C498EC40A73A}.Release|Win32.ActiveCfg = Release|Win32
		{331C8070-5E41-4214-B7A2-C498EC40A73A}.Release|Win32.Build.0 = Release|Win32
		{331C8070-5E41-4214-B7A2-C498EC40A73A}.Release|x64.ActiveCfg = Release|x64
		{331C8070-5E41-4214-B7A2-C498EC40A73A}.Release|x64.Build.0 = Release|x64
		{79D0424D-64F2-4F65-965A-745FEB2B750D}.Debug|Win32.ActiveCfg = Debug|Win32
		{79D0424D-64F2-4F65-965A-745FEB2B750D}.Debug|Win32.Build.0 = Debug|Win32
		{79D0424D-64F2-4F65-965A-745FEB2B750D}.Debug|x64.ActiveCfg = Debug|x64
		{79D0424D-64F2-4F65-965A-745FEB2B750D}.Debug|x64.Build.0 = Debug|x64
		{79D0424D-64F2-4F65-965A-745FEB2B750D}.Release|Win32.ActiveCfg = Release|Win32
		{79D0424D-64F2-4F65-965A-745FEB2B750D}.Release|Win32.Build.0 = Release|Win32
		{79D0424D-64F2-4F65-965A-745FEB2B750D}.Release|x64.ActiveCfg = Release|x64
		{79D0424D-64F2-4F65-965A-745FEB2B750D}.Release|x64.Build.0 = Release|x64
		{E51E50E2-EFEE-44A8-B83F-29598FF2D726}.Debug|Win32.ActiveCfg = Debug|Win32
		{E51E50E2-EFEE-44A8-B83F-29598FF2D726}.Debug|Win32.Build.0 = Debug|Win32
		{E51E50E2-EFEE-44A8-B83F-29598FF2D726}.Debug|x64.ActiveCfg = Debug|x64
		{E51E50E2-EFEE-44A8-B83F-29598FF2D726}.Debug|x64.Build.0 = Debug|x64
		{E51E50E2-EFEE-44A8-B83F-29598FF2D726}.Release|Win32.ActiveCfg = Release|Win32
		{E51E50E2-EFEE-44A8-B83F-29598FF2D726}.Release|Win32.Build.0 = Release|Win32
		{E51E50E2-EFEE-44A8-B83F-29598FF2D726}.Release|x64.ActiveCfg = Release|x64
		{E51E50E2-EFEE-44A8-B83F-29598FF2D726}.Release|x64.Build.0 = Release|x64
	EndGlobalSection
	GlobalSection(SolutionProperties) = preSolution
		HideSolutionNode = FALSE
	EndGlobalSection
EndGlobal
