<?xml version="1.0" encoding="utf-8"?>
<Project ToolsVersion="4.0" xmlns="http://schemas.microsoft.com/developer/msbuild/2003">
  <ItemGroup>
    <Filter Include="Header Files">
      <UniqueIdentifier>{93995380-89BD-4b04-88EB-625FBE52EBFB}</UniqueIdentifier>
      <Extensions>h;hpp;hxx;hm;inl;inc;xsd</Extensions>
    </Filter>
    <Filter Include="Resource Files">
      <UniqueIdentifier>{67DA6AB6-F800-4c08-8B7A-83BB121AAD01}</UniqueIdentifier>
      <Extensions>rc;ico;cur;bmp;dlg;rc2;rct;bin;rgs;gif;jpg;jpeg;jpe;resx</Extensions>
    </Filter>
    <Filter Include="Source Files">
      <UniqueIdentifier>{4FC737F1-C7A5-4376-A066-2A32D752A2FF}</UniqueIdentifier>
      <Extensions>cpp;c;cc;cxx;def;odl;idl;hpj;bat;asm;asmx</Extensions>
    </Filter>
  </ItemGroup>
  <ItemGroup>
    <ClInclude Include="ws\mswin32\gcommon.h">
      <Filter>Header Files</Filter>
    </ClInclude>
    <ClInclude Include="ws\mswin32\resource.h">
      <Filter>Header Files</Filter>
    </ClInclude>
  </ItemGroup>
  <ItemGroup>
    <ResourceCompile Include="ws\mswin32\lefty.rc">
      <Filter>Resource Files</Filter>
    </ResourceCompile>
  </ItemGroup>
  <ItemGroup>
    <ClCompile Include="code.c">
      <Filter>Source Files</Filter>
    </ClCompile>
    <ClCompile Include="common.c">
      <Filter>Source Files</Filter>
    </ClCompile>
    <ClCompile Include="display.c">
      <Filter>Source Files</Filter>
    </ClCompile>
    <ClCompile Include="dot2l\dot2l.c">
      <Filter>Source Files</Filter>
    </ClCompile>
    <ClCompile Include="dot2l\dotlex.c">
      <Filter>Source Files</Filter>
    </ClCompile>
    <ClCompile Include="dot2l\dotparse.c">
      <Filter>Source Files</Filter>
    </ClCompile>
    <ClCompile Include="dot2l\dottrie.c">
      <Filter>Source Files</Filter>
    </ClCompile>
    <ClCompile Include="exec.c">
      <Filter>Source Files</Filter>
    </ClCompile>
    <ClCompile Include="g.c">
      <Filter>Source Files</Filter>
    </ClCompile>
    <ClCompile Include="ws\mswin32\garray.c">
      <Filter>Source Files</Filter>
    </ClCompile>
    <ClCompile Include="ws\mswin32\gbutton.c">
      <Filter>Source Files</Filter>
    </ClCompile>
    <ClCompile Include="ws\mswin32\gcanvas.c">
      <Filter>Source Files</Filter>
    </ClCompile>
    <ClCompile Include="ws\mswin32\gcommon.c">
      <Filter>Source Files</Filter>
    </ClCompile>
    <ClCompile Include="gfxview.c">
      <Filter>Source Files</Filter>
    </ClCompile>
    <ClCompile Include="ws\mswin32\glabel.c">
      <Filter>Source Files</Filter>
    </ClCompile>
    <ClCompile Include="ws\mswin32\gmenu.c">
      <Filter>Source Files</Filter>
    </ClCompile>
    <ClCompile Include="ws\mswin32\gpcanvas.c">
      <Filter>Source Files</Filter>
    </ClCompile>
    <ClCompile Include="ws\mswin32\gquery.c">
      <Filter>Source Files</Filter>
    </ClCompile>
    <ClCompile Include="ws\mswin32\gscroll.c">
      <Filter>Source Files</Filter>
    </ClCompile>
    <ClCompile Include="ws\mswin32\gtext.c">
      <Filter>Source Files</Filter>
    </ClCompile>
    <ClCompile Include="ws\mswin32\gview.c">
      <Filter>Source Files</Filter>
    </ClCompile>
    <ClCompile Include="internal.c">
      <Filter>Source Files</Filter>
    </ClCompile>
    <ClCompile Include="os\mswin32\io.c">
      <Filter>Source Files</Filter>
    </ClCompile>
    <ClCompile Include="lefty.c">
      <Filter>Source Files</Filter>
    </ClCompile>
    <ClCompile Include="lex.c">
      <Filter>Source Files</Filter>
    </ClCompile>
    <ClCompile Include="mem.c">
      <Filter>Source Files</Filter>
    </ClCompile>
    <ClCompile Include="parse.c">
      <Filter>Source Files</Filter>
    </ClCompile>
    <ClCompile Include="str.c">
      <Filter>Source Files</Filter>
    </ClCompile>
    <ClCompile Include="tbl.c">
      <Filter>Source Files</Filter>
    </ClCompile>
    <ClCompile Include="txtview.c">
      <Filter>Source Files</Filter>
    </ClCompile>
  </ItemGroup>
  <ItemGroup>
    <None Include="dot2l\dotparse.y" />
  </ItemGroup>
</Project>