<?xml version="1.0" encoding="utf-8"?>
<Project ToolsVersion="4.0" xmlns="http://schemas.microsoft.com/developer/msbuild/2003">
  <ItemGroup>
    <Filter Include="Header Files">
      <UniqueIdentifier>{93995380-89BD-4b04-88EB-625FBE52EBFB}</UniqueIdentifier>
      <Extensions>h;hpp;hxx;hm;inl;inc;xsd</Extensions>
    </Filter>
    <Filter Include="Resource Files">
      <UniqueIdentifier>{67DA6AB6-F800-4c08-8B7A-83BB121AAD01}</UniqueIdentifier>
      <Extensions>rc;ico;cur;bmp;dlg;rc2;rct;bin;rgs;gif;jpg;jpeg;jpe;resx</Extensions>
    </Filter>
    <Filter Include="Source Files">
      <UniqueIdentifier>{4FC737F1-C7A5-4376-A066-2A32D752A2FF}</UniqueIdentifier>
      <Extensions>cpp;c;cc;cxx;def;odl;idl;hpj;bat;asm;asmx</Extensions>
    </Filter>
  </ItemGroup>
  <ItemGroup>
    <ClInclude Include="pathgeom.h">
      <Filter>Header Files</Filter>
    </ClInclude>
    <ClInclude Include="pathplan.h">
      <Filter>Header Files</Filter>
    </ClInclude>
    <ClInclude Include="pathutil.h">
      <Filter>Header Files</Filter>
    </ClInclude>
    <ClInclude Include="solvers.h">
      <Filter>Header Files</Filter>
    </ClInclude>
    <ClInclude Include="tri.h">
      <Filter>Header Files</Filter>
    </ClInclude>
    <ClInclude Include="vis.h">
      <Filter>Header Files</Filter>
    </ClInclude>
    <ClInclude Include="vispath.h">
      <Filter>Header Files</Filter>
    </ClInclude>
  </ItemGroup>
  <ItemGroup>
    <ClCompile Include="cvt.c">
      <Filter>Source Files</Filter>
    </ClCompile>
    <ClCompile Include="inpoly.c">
      <Filter>Source Files</Filter>
    </ClCompile>
    <ClCompile Include="route.c">
      <Filter>Source Files</Filter>
    </ClCompile>
    <ClCompile Include="shortest.c">
      <Filter>Source Files</Filter>
    </ClCompile>
    <ClCompile Include="shortestpth.c">
      <Filter>Source Files</Filter>
    </ClCompile>
    <ClCompile Include="solvers.c">
      <Filter>Source Files</Filter>
    </ClCompile>
    <ClCompile Include="triang.c">
      <Filter>Source Files</Filter>
    </ClCompile>
    <ClCompile Include="util.c">
      <Filter>Source Files</Filter>
    </ClCompile>
    <ClCompile Include="visibility.c">
      <Filter>Source Files</Filter>
    </ClCompile>
  </ItemGroup>
  <ItemGroup>
    <None Include="pathplan.def">
      <Filter>Source Files</Filter>
    </None>
  </ItemGroup>
</Project>