
Microsoft Visual Studio Solution File, Format Version 10.00
# Visual Studio 2008
Project("{8BC9CEB8-8B4A-11D0-8D11-00A0C91BC942}") = "gml2gv", "gml2gv.vcproj", "{2C551E96-B2EE-48B2-84BF-F6494AF7C004}"
EndProject
Global
	GlobalSection(SolutionConfigurationPlatforms) = preSolution
		Debug|Win32 = Debug|Win32
		Release|Win32 = Release|Win32
	EndGlobalSection
	GlobalSection(ProjectConfigurationPlatforms) = postSolution
		{2C551E96-B2EE-48B2-84BF-F6494AF7C004}.Debug|Win32.ActiveCfg = Debug|Win32
		{2C551E96-B2EE-48B2-84BF-F6494AF7C004}.Debug|Win32.Build.0 = Debug|Win32
		{2C551E96-B2EE-48B2-84BF-F6494AF7C004}.Release|Win32.ActiveCfg = Release|Win32
		{2C551E96-B2EE-48B2-84BF-F6494AF7C004}.Release|Win32.Build.0 = Release|Win32
	EndGlobalSection
	GlobalSection(SolutionProperties) = preSolution
		HideSolutionNode = FALSE
	EndGlobalSection
EndGlobal
